
Microsoft Visual Studio Solution File, Format Version 12.00
# 
Project("{2150E333-8FDC-42A3-9474-1A3956D46DE8}") = ".paket", ".paket", "{2819AFEB-AC69-4121-915A-216AAED83759}"
	ProjectSection(SolutionItems) = preProject
		paket.dependencies = paket.dependencies
		paket.lock = paket.lock
	EndProjectSection
EndProject
Project("{2150E333-8FDC-42A3-9474-1A3956D46DE8}") = "src", "src", "{A798F9EE-3F6C-4BAA-934E-DC784D7E73AC}"
EndProject
Project("{F2A71F9B-5D33-465A-A702-920D77279786}") = "Fable.SignalR", "src\Fable.SignalR\Fable.SignalR.fsproj", "{D7DEDF76-817C-4E1E-A69A-10384CAB5A62}"
EndProject
Project("{F2A71F9B-5D33-465A-A702-920D77279786}") = "Fable.SignalR.AspNetCore", "src\Fable.SignalR.AspNetCore\Fable.SignalR.AspNetCore.fsproj", "{E269978C-BE66-4B8E-86BA-72356B196F1B}"
EndProject
Project("{F2A71F9B-5D33-465A-A702-920D77279786}") = "Fable.SignalR.Shared", "src\Fable.SignalR.Shared\Fable.SignalR.Shared.fsproj", "{BD2482B9-756A-40E0-8C4E-9A98F3BD921B}"
EndProject
Global
	GlobalSection(SolutionConfigurationPlatforms) = preSolution
		Debug|Any CPU = Debug|Any CPU
		Release|Any CPU = Release|Any CPU
	EndGlobalSection
	GlobalSection(ProjectConfigurationPlatforms) = postSolution
		{D7DEDF76-817C-4E1E-A69A-10384CAB5A62}.Debug|Any CPU.ActiveCfg = Debug|Any CPU
		{D7DEDF76-817C-4E1E-A69A-10384CAB5A62}.Debug|Any CPU.Build.0 = Debug|Any CPU
		{D7DEDF76-817C-4E1E-A69A-10384CAB5A62}.Release|Any CPU.ActiveCfg = Release|Any CPU
		{D7DEDF76-817C-4E1E-A69A-10384CAB5A62}.Release|Any CPU.Build.0 = Release|Any CPU
		{E269978C-BE66-4B8E-86BA-72356B196F1B}.Debug|Any CPU.ActiveCfg = Debug|Any CPU
		{E269978C-BE66-4B8E-86BA-72356B196F1B}.Debug|Any CPU.Build.0 = Debug|Any CPU
		{E269978C-BE66-4B8E-86BA-72356B196F1B}.Release|Any CPU.ActiveCfg = Release|Any CPU
		{E269978C-BE66-4B8E-86BA-72356B196F1B}.Release|Any CPU.Build.0 = Release|Any CPU
		{BD2482B9-756A-40E0-8C4E-9A98F3BD921B}.Debug|Any CPU.ActiveCfg = Debug|Any CPU
		{BD2482B9-756A-40E0-8C4E-9A98F3BD921B}.Debug|Any CPU.Build.0 = Debug|Any CPU
		{BD2482B9-756A-40E0-8C4E-9A98F3BD921B}.Release|Any CPU.ActiveCfg = Release|Any CPU
		{BD2482B9-756A-40E0-8C4E-9A98F3BD921B}.Release|Any CPU.Build.0 = Release|Any CPU
	EndGlobalSection
	GlobalSection(NestedProjects) = preSolution
		{D7DEDF76-817C-4E1E-A69A-10384CAB5A62} = {A798F9EE-3F6C-4BAA-934E-DC784D7E73AC}
		{E269978C-BE66-4B8E-86BA-72356B196F1B} = {A798F9EE-3F6C-4BAA-934E-DC784D7E73AC}
		{BD2482B9-756A-40E0-8C4E-9A98F3BD921B} = {A798F9EE-3F6C-4BAA-934E-DC784D7E73AC}
	EndGlobalSection
EndGlobal
